
Microsoft Visual Studio Solution File, Format Version 12.00
# Visual Studio Version 17
VisualStudioVersion = 17.7.34221.43
MinimumVisualStudioVersion = 10.0.40219.1
Project("{FAE04EC0-301F-11D3-BF4B-00C04F79EFBC}") = "CSharp", "CSharp.csproj", "{151ECB98-AB32-48DF-9FCE-0676E878B958}"
EndProject
Global
	GlobalSection(SolutionConfigurationPlatforms) = preSolution
		Debug|Any CPU = Debug|Any CPU
		Release|Any CPU = Release|Any CPU
	EndGlobalSection
	GlobalSection(ProjectConfigurationPlatforms) = postSolution
		{151ECB98-AB32-48DF-9FCE-0676E878B958}.Debug|Any CPU.ActiveCfg = Debug|Any CPU
		{151ECB98-AB32-48DF-9FCE-0676E878B958}.Debug|Any CPU.Build.0 = Debug|Any CPU
		{151ECB98-AB32-48DF-9FCE-0676E878B958}.Release|Any CPU.ActiveCfg = Release|Any CPU
		{151ECB98-AB32-48DF-9FCE-0676E878B958}.Release|Any CPU.Build.0 = Release|Any CPU
	EndGlobalSection
	GlobalSection(SolutionProperties) = preSolution
		HideSolutionNode = FALSE
	EndGlobalSection
	GlobalSection(ExtensibilityGlobals) = postSolution
		SolutionGuid = {EF024E74-15D9-474D-B244-348F9F417C62}
	EndGlobalSection
EndGlobal
